// !$*UTF8*$!
{
	archiveVersion = 1;
	classes = {
	};
	objectVersion = 48;
	objects = {

/* Begin PBXBuildFile section */
		B0D1507D20BDE83200154CAB /* AppDelegate.swift in Sources */ = {isa = PBXBuildFile; fileRef = B0D1507C20BDE83200154CAB /* AppDelegate.swift */; };
		B0D1507F20BDE83200154CAB /* art.scnassets in Resources */ = {isa = PBXBuildFile; fileRef = B0D1507E20BDE83200154CAB /* art.scnassets */; };
		B0D1508120BDE83200154CAB /* ViewController.swift in Sources */ = {isa = PBXBuildFile; fileRef = B0D1508020BDE83200154CAB /* ViewController.swift */; };
		B0D1508420BDE83300154CAB /* Main.storyboard in Resources */ = {isa = PBXBuildFile; fileRef = B0D1508220BDE83300154CAB /* Main.storyboard */; };
		B0D1508620BDE83300154CAB /* Assets.xcassets in Resources */ = {isa = PBXBuildFile; fileRef = B0D1508520BDE83300154CAB /* Assets.xcassets */; };
		B0D1508920BDE83300154CAB /* LaunchScreen.storyboard in Resources */ = {isa = PBXBuildFile; fileRef = B0D1508720BDE83300154CAB /* LaunchScreen.storyboard */; };
		B0D1509420BDE83300154CAB /* summer2k18Tests.swift in Sources */ = {isa = PBXBuildFile; fileRef = B0D1509320BDE83300154CAB /* summer2k18Tests.swift */; };
		B0D1509F20BDE83300154CAB /* summer2k18UITests.swift in Sources */ = {isa = PBXBuildFile; fileRef = B0D1509E20BDE83300154CAB /* summer2k18UITests.swift */; };
/* End PBXBuildFile section */

/* Begin PBXContainerItemProxy section */
		B0D1509020BDE83300154CAB /* PBXContainerItemProxy */ = {
			isa = PBXContainerItemProxy;
			containerPortal = B0D1507120BDE83200154CAB /* Project object */;
			proxyType = 1;
			remoteGlobalIDString = B0D1507820BDE83200154CAB;
			remoteInfo = summer2k18;
		};
		B0D1509B20BDE83300154CAB /* PBXContainerItemProxy */ = {
			isa = PBXContainerItemProxy;
			containerPortal = B0D1507120BDE83200154CAB /* Project object */;
			proxyType = 1;
			remoteGlobalIDString = B0D1507820BDE83200154CAB;
			remoteInfo = summer2k18;
		};
/* End PBXContainerItemProxy section */

/* Begin PBXFileReference section */
		B0D1507920BDE83200154CAB /* summer2k18.app */ = {isa = PBXFileReference; explicitFileType = wrapper.application; includeInIndex = 0; path = summer2k18.app; sourceTree = BUILT_PRODUCTS_DIR; };
		B0D1507C20BDE83200154CAB /* AppDelegate.swift */ = {isa = PBXFileReference; lastKnownFileType = sourcecode.swift; path = AppDelegate.swift; sourceTree = "<group>"; };
		B0D1507E20BDE83200154CAB /* art.scnassets */ = {isa = PBXFileReference; lastKnownFileType = wrapper.scnassets; path = art.scnassets; sourceTree = "<group>"; };
		B0D1508020BDE83200154CAB /* ViewController.swift */ = {isa = PBXFileReference; lastKnownFileType = sourcecode.swift; path = ViewController.swift; sourceTree = "<group>"; };
		B0D1508320BDE83300154CAB /* Base */ = {isa = PBXFileReference; lastKnownFileType = file.storyboard; name = Base; path = Base.lproj/Main.storyboard; sourceTree = "<group>"; };
		B0D1508520BDE83300154CAB /* Assets.xcassets */ = {isa = PBXFileReference; lastKnownFileType = folder.assetcatalog; path = Assets.xcassets; sourceTree = "<group>"; };
		B0D1508820BDE83300154CAB /* Base */ = {isa = PBXFileReference; lastKnownFileType = file.storyboard; name = Base; path = Base.lproj/LaunchScreen.storyboard; sourceTree = "<group>"; };
		B0D1508A20BDE83300154CAB /* Info.plist */ = {isa = PBXFileReference; lastKnownFileType = text.plist.xml; path = Info.plist; sourceTree = "<group>"; };
		B0D1508F20BDE83300154CAB /* summer2k18Tests.xctest */ = {isa = PBXFileReference; explicitFileType = wrapper.cfbundle; includeInIndex = 0; path = summer2k18Tests.xctest; sourceTree = BUILT_PRODUCTS_DIR; };
		B0D1509320BDE83300154CAB /* summer2k18Tests.swift */ = {isa = PBXFileReference; lastKnownFileType = sourcecode.swift; path = summer2k18Tests.swift; sourceTree = "<group>"; };
		B0D1509520BDE83300154CAB /* Info.plist */ = {isa = PBXFileReference; lastKnownFileType = text.plist.xml; path = Info.plist; sourceTree = "<group>"; };
		B0D1509A20BDE83300154CAB /* summer2k18UITests.xctest */ = {isa = PBXFileReference; explicitFileType = wrapper.cfbundle; includeInIndex = 0; path = summer2k18UITests.xctest; sourceTree = BUILT_PRODUCTS_DIR; };
		B0D1509E20BDE83300154CAB /* summer2k18UITests.swift */ = {isa = PBXFileReference; lastKnownFileType = sourcecode.swift; path = summer2k18UITests.swift; sourceTree = "<group>"; };
		B0D150A020BDE83300154CAB /* Info.plist */ = {isa = PBXFileReference; lastKnownFileType = text.plist.xml; path = Info.plist; sourceTree = "<group>"; };
/* End PBXFileReference section */

/* Begin PBXFrameworksBuildPhase section */
		B0D1507620BDE83200154CAB /* Frameworks */ = {
			isa = PBXFrameworksBuildPhase;
			buildActionMask = 2147483647;
			files = (
			);
			runOnlyForDeploymentPostprocessing = 0;
		};
		B0D1508C20BDE83300154CAB /* Frameworks */ = {
			isa = PBXFrameworksBuildPhase;
			buildActionMask = 2147483647;
			files = (
			);
			runOnlyForDeploymentPostprocessing = 0;
		};
		B0D1509720BDE83300154CAB /* Frameworks */ = {
			isa = PBXFrameworksBuildPhase;
			buildActionMask = 2147483647;
			files = (
			);
			runOnlyForDeploymentPostprocessing = 0;
		};
/* End PBXFrameworksBuildPhase section */

/* Begin PBXGroup section */
		B0D1507020BDE83200154CAB = {
			isa = PBXGroup;
			children = (
				B0D1507B20BDE83200154CAB /* summer2k18 */,
				B0D1509220BDE83300154CAB /* summer2k18Tests */,
				B0D1509D20BDE83300154CAB /* summer2k18UITests */,
				B0D1507A20BDE83200154CAB /* Products */,
			);
			sourceTree = "<group>";
		};
		B0D1507A20BDE83200154CAB /* Products */ = {
			isa = PBXGroup;
			children = (
				B0D1507920BDE83200154CAB /* summer2k18.app */,
				B0D1508F20BDE83300154CAB /* summer2k18Tests.xctest */,
				B0D1509A20BDE83300154CAB /* summer2k18UITests.xctest */,
			);
			name = Products;
			sourceTree = "<group>";
		};
		B0D1507B20BDE83200154CAB /* summer2k18 */ = {
			isa = PBXGroup;
			children = (
				B0D1507C20BDE83200154CAB /* AppDelegate.swift */,
				B0D1507E20BDE83200154CAB /* art.scnassets */,
				B0D1508020BDE83200154CAB /* ViewController.swift */,
				B0D1508220BDE83300154CAB /* Main.storyboard */,
				B0D1508520BDE83300154CAB /* Assets.xcassets */,
				B0D1508720BDE83300154CAB /* LaunchScreen.storyboard */,
				B0D1508A20BDE83300154CAB /* Info.plist */,
			);
			path = summer2k18;
			sourceTree = "<group>";
		};
		B0D1509220BDE83300154CAB /* summer2k18Tests */ = {
			isa = PBXGroup;
			children = (
				B0D1509320BDE83300154CAB /* summer2k18Tests.swift */,
				B0D1509520BDE83300154CAB /* Info.plist */,
			);
			path = summer2k18Tests;
			sourceTree = "<group>";
		};
		B0D1509D20BDE83300154CAB /* summer2k18UITests */ = {
			isa = PBXGroup;
			children = (
				B0D1509E20BDE83300154CAB /* summer2k18UITests.swift */,
				B0D150A020BDE83300154CAB /* Info.plist */,
			);
			path = summer2k18UITests;
			sourceTree = "<group>";
		};
/* End PBXGroup section */

/* Begin PBXNativeTarget section */
		B0D1507820BDE83200154CAB /* summer2k18 */ = {
			isa = PBXNativeTarget;
			buildConfigurationList = B0D150A320BDE83300154CAB /* Build configuration list for PBXNativeTarget "summer2k18" */;
			buildPhases = (
				B0D1507520BDE83200154CAB /* Sources */,
				B0D1507620BDE83200154CAB /* Frameworks */,
				B0D1507720BDE83200154CAB /* Resources */,
			);
			buildRules = (
			);
			dependencies = (
			);
			name = summer2k18;
			productName = summer2k18;
			productReference = B0D1507920BDE83200154CAB /* summer2k18.app */;
			productType = "com.apple.product-type.application";
		};
		B0D1508E20BDE83300154CAB /* summer2k18Tests */ = {
			isa = PBXNativeTarget;
			buildConfigurationList = B0D150A620BDE83300154CAB /* Build configuration list for PBXNativeTarget "summer2k18Tests" */;
			buildPhases = (
				B0D1508B20BDE83300154CAB /* Sources */,
				B0D1508C20BDE83300154CAB /* Frameworks */,
				B0D1508D20BDE83300154CAB /* Resources */,
			);
			buildRules = (
			);
			dependencies = (
				B0D1509120BDE83300154CAB /* PBXTargetDependency */,
			);
			name = summer2k18Tests;
			productName = summer2k18Tests;
			productReference = B0D1508F20BDE83300154CAB /* summer2k18Tests.xctest */;
			productType = "com.apple.product-type.bundle.unit-test";
		};
		B0D1509920BDE83300154CAB /* summer2k18UITests */ = {
			isa = PBXNativeTarget;
			buildConfigurationList = B0D150A920BDE83300154CAB /* Build configuration list for PBXNativeTarget "summer2k18UITests" */;
			buildPhases = (
				B0D1509620BDE83300154CAB /* Sources */,
				B0D1509720BDE83300154CAB /* Frameworks */,
				B0D1509820BDE83300154CAB /* Resources */,
			);
			buildRules = (
			);
			dependencies = (
				B0D1509C20BDE83300154CAB /* PBXTargetDependency */,
			);
			name = summer2k18UITests;
			productName = summer2k18UITests;
			productReference = B0D1509A20BDE83300154CAB /* summer2k18UITests.xctest */;
			productType = "com.apple.product-type.bundle.ui-testing";
		};
/* End PBXNativeTarget section */

/* Begin PBXProject section */
		B0D1507120BDE83200154CAB /* Project object */ = {
			isa = PBXProject;
			attributes = {
				LastSwiftUpdateCheck = 0920;
				LastUpgradeCheck = 0920;
				ORGANIZATIONNAME = gglpsteven;
				TargetAttributes = {
					B0D1507820BDE83200154CAB = {
						CreatedOnToolsVersion = 9.2;
						ProvisioningStyle = Automatic;
					};
					B0D1508E20BDE83300154CAB = {
						CreatedOnToolsVersion = 9.2;
						ProvisioningStyle = Automatic;
						TestTargetID = B0D1507820BDE83200154CAB;
					};
					B0D1509920BDE83300154CAB = {
						CreatedOnToolsVersion = 9.2;
						ProvisioningStyle = Automatic;
						TestTargetID = B0D1507820BDE83200154CAB;
					};
				};
			};
			buildConfigurationList = B0D1507420BDE83200154CAB /* Build configuration list for PBXProject "summer2k18" */;
			compatibilityVersion = "Xcode 8.0";
			developmentRegion = en;
			hasScannedForEncodings = 0;
			knownRegions = (
				en,
				Base,
			);
			mainGroup = B0D1507020BDE83200154CAB;
			productRefGroup = B0D1507A20BDE83200154CAB /* Products */;
			projectDirPath = "";
			projectRoot = "";
			targets = (
				B0D1507820BDE83200154CAB /* summer2k18 */,
				B0D1508E20BDE83300154CAB /* summer2k18Tests */,
				B0D1509920BDE83300154CAB /* summer2k18UITests */,
			);
		};
/* End PBXProject section */

/* Begin PBXResourcesBuildPhase section */
		B0D1507720BDE83200154CAB /* Resources */ = {
			isa = PBXResourcesBuildPhase;
			buildActionMask = 2147483647;
			files = (
				B0D1507F20BDE83200154CAB /* art.scnassets in Resources */,
				B0D1508920BDE83300154CAB /* LaunchScreen.storyboard in Resources */,
				B0D1508620BDE83300154CAB /* Assets.xcassets in Resources */,
				B0D1508420BDE83300154CAB /* Main.storyboard in Resources */,
			);
			runOnlyForDeploymentPostprocessing = 0;
		};
		B0D1508D20BDE83300154CAB /* Resources */ = {
			isa = PBXResourcesBuildPhase;
			buildActionMask = 2147483647;
			files = (
			);
			runOnlyForDeploymentPostprocessing = 0;
		};
		B0D1509820BDE83300154CAB /* Resources */ = {
			isa = PBXResourcesBuildPhase;
			buildActionMask = 2147483647;
			files = (
			);
			runOnlyForDeploymentPostprocessing = 0;
		};
/* End PBXResourcesBuildPhase section */

/* Begin PBXSourcesBuildPhase section */
		B0D1507520BDE83200154CAB /* Sources */ = {
			isa = PBXSourcesBuildPhase;
			buildActionMask = 2147483647;
			files = (
				B0D1508120BDE83200154CAB /* ViewController.swift in Sources */,
				B0D1507D20BDE83200154CAB /* AppDelegate.swift in Sources */,
			);
			runOnlyForDeploymentPostprocessing = 0;
		};
		B0D1508B20BDE83300154CAB /* Sources */ = {
			isa = PBXSourcesBuildPhase;
			buildActionMask = 2147483647;
			files = (
				B0D1509420BDE83300154CAB /* summer2k18Tests.swift in Sources */,
			);
			runOnlyForDeploymentPostprocessing = 0;
		};
		B0D1509620BDE83300154CAB /* Sources */ = {
			isa = PBXSourcesBuildPhase;
			buildActionMask = 2147483647;
			files = (
				B0D1509F20BDE83300154CAB /* summer2k18UITests.swift in Sources */,
			);
			runOnlyForDeploymentPostprocessing = 0;
		};
/* End PBXSourcesBuildPhase section */

/* Begin PBXTargetDependency section */
		B0D1509120BDE83300154CAB /* PBXTargetDependency */ = {
			isa = PBXTargetDependency;
			target = B0D1507820BDE83200154CAB /* summer2k18 */;
			targetProxy = B0D1509020BDE83300154CAB /* PBXContainerItemProxy */;
		};
		B0D1509C20BDE83300154CAB /* PBXTargetDependency */ = {
			isa = PBXTargetDependency;
			target = B0D1507820BDE83200154CAB /* summer2k18 */;
			targetProxy = B0D1509B20BDE83300154CAB /* PBXContainerItemProxy */;
		};
/* End PBXTargetDependency section */

/* Begin PBXVariantGroup section */
		B0D1508220BDE83300154CAB /* Main.storyboard */ = {
			isa = PBXVariantGroup;
			children = (
				B0D1508320BDE83300154CAB /* Base */,
			);
			name = Main.storyboard;
			sourceTree = "<group>";
		};
		B0D1508720BDE83300154CAB /* LaunchScreen.storyboard */ = {
			isa = PBXVariantGroup;
			children = (
				B0D1508820BDE83300154CAB /* Base */,
			);
			name = LaunchScreen.storyboard;
			sourceTree = "<group>";
		};
/* End PBXVariantGroup section */

/* Begin XCBuildConfiguration section */
		B0D150A120BDE83300154CAB /* Debug */ = {
			isa = XCBuildConfiguration;
			buildSettings = {
				ALWAYS_SEARCH_USER_PATHS = NO;
				CLANG_ANALYZER_NONNULL = YES;
				CLANG_ANALYZER_NUMBER_OBJECT_CONVERSION = YES_AGGRESSIVE;
				CLANG_CXX_LANGUAGE_STANDARD = "gnu++14";
				CLANG_CXX_LIBRARY = "libc++";
				CLANG_ENABLE_MODULES = YES;
				CLANG_ENABLE_OBJC_ARC = YES;
				CLANG_WARN_BLOCK_CAPTURE_AUTORELEASING = YES;
				CLANG_WARN_BOOL_CONVERSION = YES;
				CLANG_WARN_COMMA = YES;
				CLANG_WARN_CONSTANT_CONVERSION = YES;
				CLANG_WARN_DIRECT_OBJC_ISA_USAGE = YES_ERROR;
				CLANG_WARN_DOCUMENTATION_COMMENTS = YES;
				CLANG_WARN_EMPTY_BODY = YES;
				CLANG_WARN_ENUM_CONVERSION = YES;
				CLANG_WARN_INFINITE_RECURSION = YES;
				CLANG_WARN_INT_CONVERSION = YES;
				CLANG_WARN_NON_LITERAL_NULL_CONVERSION = YES;
				CLANG_WARN_OBJC_LITERAL_CONVERSION = YES;
				CLANG_WARN_OBJC_ROOT_CLASS = YES_ERROR;
				CLANG_WARN_RANGE_LOOP_ANALYSIS = YES;
				CLANG_WARN_STRICT_PROTOTYPES = YES;
				CLANG_WARN_SUSPICIOUS_MOVE = YES;
				CLANG_WARN_UNGUARDED_AVAILABILITY = YES_AGGRESSIVE;
				CLANG_WARN_UNREACHABLE_CODE = YES;
				CLANG_WARN__DUPLICATE_METHOD_MATCH = YES;
				CODE_SIGN_IDENTITY = "iPhone Developer";
				COPY_PHASE_STRIP = NO;
				DEBUG_INFORMATION_FORMAT = dwarf;
				ENABLE_STRICT_OBJC_MSGSEND = YES;
				ENABLE_TESTABILITY = YES;
				GCC_C_LANGUAGE_STANDARD = gnu11;
				GCC_DYNAMIC_NO_PIC = NO;
				GCC_NO_COMMON_BLOCKS = YES;
				GCC_OPTIMIZATION_LEVEL = 0;
				GCC_PREPROCESSOR_DEFINITIONS = (
					"DEBUG=1",
					"$(inherited)",
				);
				GCC_WARN_64_TO_32_BIT_CONVERSION = YES;
				GCC_WARN_ABOUT_RETURN_TYPE = YES_ERROR;
				GCC_WARN_UNDECLARED_SELECTOR = YES;
				GCC_WARN_UNINITIALIZED_AUTOS = YES_AGGRESSIVE;
				GCC_WARN_UNUSED_FUNCTION = YES;
				GCC_WARN_UNUSED_VARIABLE = YES;
				IPHONEOS_DEPLOYMENT_TARGET = 11.2;
				MTL_ENABLE_DEBUG_INFO = YES;
				ONLY_ACTIVE_ARCH = YES;
				SDKROOT = iphoneos;
				SWIFT_ACTIVE_COMPILATION_CONDITIONS = DEBUG;
				SWIFT_OPTIMIZATION_LEVEL = "-Onone";
			};
			name = Debug;
		};
		B0D150A220BDE83300154CAB /* Release */ = {
			isa = XCBuildConfiguration;
			buildSettings = {
				ALWAYS_SEARCH_USER_PATHS = NO;
				CLANG_ANALYZER_NONNULL = YES;
				CLANG_ANALYZER_NUMBER_OBJECT_CONVERSION = YES_AGGRESSIVE;
				CLANG_CXX_LANGUAGE_STANDARD = "gnu++14";
				CLANG_CXX_LIBRARY = "libc++";
				CLANG_ENABLE_MODULES = YES;
				CLANG_ENABLE_OBJC_ARC = YES;
				CLANG_WARN_BLOCK_CAPTURE_AUTORELEASING = YES;
				CLANG_WARN_BOOL_CONVERSION = YES;
				CLANG_WARN_COMMA = YES;
				CLANG_WARN_CONSTANT_CONVERSION = YES;
				CLANG_WARN_DIRECT_OBJC_ISA_USAGE = YES_ERROR;
				CLANG_WARN_DOCUMENTATION_COMMENTS = YES;
				CLANG_WARN_EMPTY_BODY = YES;
				CLANG_WARN_ENUM_CONVERSION = YES;
				CLANG_WARN_INFINITE_RECURSION = YES;
				CLANG_WARN_INT_CONVERSION = YES;
				CLANG_WARN_NON_LITERAL_NULL_CONVERSION = YES;
				CLANG_WARN_OBJC_LITERAL_CONVERSION = YES;
				CLANG_WARN_OBJC_ROOT_CLASS = YES_ERROR;
				CLANG_WARN_RANGE_LOOP_ANALYSIS = YES;
				CLANG_WARN_STRICT_PROTOTYPES = YES;
				CLANG_WARN_SUSPICIOUS_MOVE = YES;
				CLANG_WARN_UNGUARDED_AVAILABILITY = YES_AGGRESSIVE;
				CLANG_WARN_UNREACHABLE_CODE = YES;
				CLANG_WARN__DUPLICATE_METHOD_MATCH = YES;
				CODE_SIGN_IDENTITY = "iPhone Developer";
				COPY_PHASE_STRIP = NO;
				DEBUG_INFORMATION_FORMAT = "dwarf-with-dsym";
				ENABLE_NS_ASSERTIONS = NO;
				ENABLE_STRICT_OBJC_MSGSEND = YES;
				GCC_C_LANGUAGE_STANDARD = gnu11;
				GCC_NO_COMMON_BLOCKS = YES;
				GCC_WARN_64_TO_32_BIT_CONVERSION = YES;
				GCC_WARN_ABOUT_RETURN_TYPE = YES_ERROR;
				GCC_WARN_UNDECLARED_SELECTOR = YES;
				GCC_WARN_UNINITIALIZED_AUTOS = YES_AGGRESSIVE;
				GCC_WARN_UNUSED_FUNCTION = YES;
				GCC_WARN_UNUSED_VARIABLE = YES;
				IPHONEOS_DEPLOYMENT_TARGET = 11.2;
				MTL_ENABLE_DEBUG_INFO = NO;
				SDKROOT = iphoneos;
				SWIFT_OPTIMIZATION_LEVEL = "-Owholemodule";
				VALIDATE_PRODUCT = YES;
			};
			name = Release;
		};
		B0D150A420BDE83300154CAB /* Debug */ = {
			isa = XCBuildConfiguration;
			buildSettings = {
				ASSETCATALOG_COMPILER_APPICON_NAME = AppIcon;
				CODE_SIGN_STYLE = Automatic;
				INFOPLIST_FILE = summer2k18/Info.plist;
				LD_RUNPATH_SEARCH_PATHS = "$(inherited) @executable_path/Frameworks";
				PRODUCT_BUNDLE_IDENTIFIER = gglpsteven.summer2k18;
				PRODUCT_NAME = "$(TARGET_NAME)";
				SWIFT_VERSION = 4.0;
				TARGETED_DEVICE_FAMILY = "1,2";
			};
			name = Debug;
		};
		B0D150A520BDE83300154CAB /* Release */ = {
			isa = XCBuildConfiguration;
			buildSettings = {
				ASSETCATALOG_COMPILER_APPICON_NAME = AppIcon;
				CODE_SIGN_STYLE = Automatic;
				INFOPLIST_FILE = summer2k18/Info.plist;
				LD_RUNPATH_SEARCH_PATHS = "$(inherited) @executable_path/Frameworks";
				PRODUCT_BUNDLE_IDENTIFIER = gglpsteven.summer2k18;
				PRODUCT_NAME = "$(TARGET_NAME)";
				SWIFT_VERSION = 4.0;
				TARGETED_DEVICE_FAMILY = "1,2";
			};
			name = Release;
		};
		B0D150A720BDE83300154CAB /* Debug */ = {
			isa = XCBuildConfiguration;
			buildSettings = {
				ALWAYS_EMBED_SWIFT_STANDARD_LIBRARIES = YES;
				BUNDLE_LOADER = "$(TEST_HOST)";
				CODE_SIGN_STYLE = Automatic;
				INFOPLIST_FILE = summer2k18Tests/Info.plist;
				LD_RUNPATH_SEARCH_PATHS = "$(inherited) @executable_path/Frameworks @loader_path/Frameworks";
				PRODUCT_BUNDLE_IDENTIFIER = gglpsteven.summer2k18Tests;
				PRODUCT_NAME = "$(TARGET_NAME)";
				SWIFT_VERSION = 4.0;
				TARGETED_DEVICE_FAMILY = "1,2";
				TEST_HOST = "$(BUILT_PRODUCTS_DIR)/summer2k18.app/summer2k18";
			};
			name = Debug;
		};
		B0D150A820BDE83300154CAB /* Release */ = {
			isa = XCBuildConfiguration;
			buildSettings = {
				ALWAYS_EMBED_SWIFT_STANDARD_LIBRARIES = YES;
				BUNDLE_LOADER = "$(TEST_HOST)";
				CODE_SIGN_STYLE = Automatic;
				INFOPLIST_FILE = summer2k18Tests/Info.plist;
				LD_RUNPATH_SEARCH_PATHS = "$(inherited) @executable_path/Frameworks @loader_path/Frameworks";
				PRODUCT_BUNDLE_IDENTIFIER = gglpsteven.summer2k18Tests;
				PRODUCT_NAME = "$(TARGET_NAME)";
				SWIFT_VERSION = 4.0;
				TARGETED_DEVICE_FAMILY = "1,2";
				TEST_HOST = "$(BUILT_PRODUCTS_DIR)/summer2k18.app/summer2k18";
			};
			name = Release;
		};
		B0D150AA20BDE83300154CAB /* Debug */ = {
			isa = XCBuildConfiguration;
			buildSettings = {
				ALWAYS_EMBED_SWIFT_STANDARD_LIBRARIES = YES;
				CODE_SIGN_STYLE = Automatic;
				INFOPLIST_FILE = summer2k18UITests/Info.plist;
				LD_RUNPATH_SEARCH_PATHS = "$(inherited) @executable_path/Frameworks @loader_path/Frameworks";
				PRODUCT_BUNDLE_IDENTIFIER = gglpsteven.summer2k18UITests;
				PRODUCT_NAME = "$(TARGET_NAME)";
				SWIFT_VERSION = 4.0;
				TARGETED_DEVICE_FAMILY = "1,2";
				TEST_TARGET_NAME = summer2k18;
			};
			name = Debug;
		};
		B0D150AB20BDE83300154CAB /* Release */ = {
			isa = XCBuildConfiguration;
			buildSettings = {
				ALWAYS_EMBED_SWIFT_STANDARD_LIBRARIES = YES;
				CODE_SIGN_STYLE = Automatic;
				INFOPLIST_FILE = summer2k18UITests/Info.plist;
				LD_RUNPATH_SEARCH_PATHS = "$(inherited) @executable_path/Frameworks @loader_path/Frameworks";
				PRODUCT_BUNDLE_IDENTIFIER = gglpsteven.summer2k18UITests;
				PRODUCT_NAME = "$(TARGET_NAME)";
				SWIFT_VERSION = 4.0;
				TARGETED_DEVICE_FAMILY = "1,2";
				TEST_TARGET_NAME = summer2k18;
			};
			name = Release;
		};
/* End XCBuildConfiguration section */

/* Begin XCConfigurationList section */
		B0D1507420BDE83200154CAB /* Build configuration list for PBXProject "summer2k18" */ = {
			isa = XCConfigurationList;
			buildConfigurations = (
				B0D150A120BDE83300154CAB /* Debug */,
				B0D150A220BDE83300154CAB /* Release */,
			);
			defaultConfigurationIsVisible = 0;
			defaultConfigurationName = Release;
		};
		B0D150A320BDE83300154CAB /* Build configuration list for PBXNativeTarget "summer2k18" */ = {
			isa = XCConfigurationList;
			buildConfigurations = (
				B0D150A420BDE83300154CAB /* Debug */,
				B0D150A520BDE83300154CAB /* Release */,
			);
			defaultConfigurationIsVisible = 0;
			defaultConfigurationName = Release;
		};
		B0D150A620BDE83300154CAB /* Build configuration list for PBXNativeTarget "summer2k18Tests" */ = {
			isa = XCConfigurationList;
			buildConfigurations = (
				B0D150A720BDE83300154CAB /* Debug */,
				B0D150A820BDE83300154CAB /* Release */,
			);
			defaultConfigurationIsVisible = 0;
			defaultConfigurationName = Release;
		};
		B0D150A920BDE83300154CAB /* Build configuration list for PBXNativeTarget "summer2k18UITests" */ = {
			isa = XCConfigurationList;
			buildConfigurations = (
				B0D150AA20BDE83300154CAB /* Debug */,
				B0D150AB20BDE83300154CAB /* Release */,
			);
			defaultConfigurationIsVisible = 0;
			defaultConfigurationName = Release;
		};
/* End XCConfigurationList section */
	};
	rootObject = B0D1507120BDE83200154CAB /* Project object */;
}
